
Microsoft Visual Studio Solution File, Format Version 12.00
# Visual Studio 15
VisualStudioVersion = 15.0.28307.539
MinimumVisualStudioVersion = 10.0.40219.1
Project("{FAE04EC0-301F-11D3-BF4B-00C04F79EFBC}") = "SimpleClient2", "SimpleClient2\SimpleClient2.csproj", "{D1F2AAB3-1842-4CF2-9537-A9DF7D70FF61}"
EndProject
Global
	GlobalSection(SolutionConfigurationPlatforms) = preSolution
		Debug|Any CPU = Debug|Any CPU
		Release|Any CPU = Release|Any CPU
	EndGlobalSection
	GlobalSection(ProjectConfigurationPlatforms) = postSolution
		{D1F2AAB3-1842-4CF2-9537-A9DF7D70FF61}.Debug|Any CPU.ActiveCfg = Debug|Any CPU
		{D1F2AAB3-1842-4CF2-9537-A9DF7D70FF61}.Debug|Any CPU.Build.0 = Debug|Any CPU
		{D1F2AAB3-1842-4CF2-9537-A9DF7D70FF61}.Release|Any CPU.ActiveCfg = Release|Any CPU
		{D1F2AAB3-1842-4CF2-9537-A9DF7D70FF61}.Release|Any CPU.Build.0 = Release|Any CPU
	EndGlobalSection
	GlobalSection(SolutionProperties) = preSolution
		HideSolutionNode = FALSE
	EndGlobalSection
	GlobalSection(ExtensibilityGlobals) = postSolution
		SolutionGuid = {30E09C81-A5DD-4B4C-B665-41C98A25D0E6}
	EndGlobalSection
EndGlobal
