
Microsoft Visual Studio Solution File, Format Version 12.00
# Visual Studio 15
VisualStudioVersion = 15.0.28307.539
MinimumVisualStudioVersion = 10.0.40219.1
Project("{FAE04EC0-301F-11D3-BF4B-00C04F79EFBC}") = "SimpleServer2", "SimpleServer2\SimpleServer2.csproj", "{4068CE14-4564-48F0-8D38-A6F8A51A5AC5}"
EndProject
Global
	GlobalSection(SolutionConfigurationPlatforms) = preSolution
		Debug|Any CPU = Debug|Any CPU
		Release|Any CPU = Release|Any CPU
	EndGlobalSection
	GlobalSection(ProjectConfigurationPlatforms) = postSolution
		{4068CE14-4564-48F0-8D38-A6F8A51A5AC5}.Debug|Any CPU.ActiveCfg = Debug|Any CPU
		{4068CE14-4564-48F0-8D38-A6F8A51A5AC5}.Debug|Any CPU.Build.0 = Debug|Any CPU
		{4068CE14-4564-48F0-8D38-A6F8A51A5AC5}.Release|Any CPU.ActiveCfg = Release|Any CPU
		{4068CE14-4564-48F0-8D38-A6F8A51A5AC5}.Release|Any CPU.Build.0 = Release|Any CPU
	EndGlobalSection
	GlobalSection(SolutionProperties) = preSolution
		HideSolutionNode = FALSE
	EndGlobalSection
	GlobalSection(ExtensibilityGlobals) = postSolution
		SolutionGuid = {067831C2-6893-408A-BC7B-CA66C3E2E22B}
	EndGlobalSection
EndGlobal
