
Microsoft Visual Studio Solution File, Format Version 12.00
# Visual Studio Version 16
VisualStudioVersion = 16.0.29905.134
MinimumVisualStudioVersion = 10.0.40219.1
Project("{FAE04EC0-301F-11D3-BF4B-00C04F79EFBC}") = "UDPServer", "UDPServer\UDPServer.csproj", "{E601B96E-6ECA-45D0-8358-9D2836C19532}"
EndProject
Project("{FAE04EC0-301F-11D3-BF4B-00C04F79EFBC}") = "UDPClient", "UDPClient\UDPClient.csproj", "{0D3EEC7F-B73F-4519-8929-3EF59F25A3C6}"
EndProject
Global
	GlobalSection(SolutionConfigurationPlatforms) = preSolution
		Debug|Any CPU = Debug|Any CPU
		Release|Any CPU = Release|Any CPU
	EndGlobalSection
	GlobalSection(ProjectConfigurationPlatforms) = postSolution
		{E601B96E-6ECA-45D0-8358-9D2836C19532}.Debug|Any CPU.ActiveCfg = Debug|Any CPU
		{E601B96E-6ECA-45D0-8358-9D2836C19532}.Debug|Any CPU.Build.0 = Debug|Any CPU
		{E601B96E-6ECA-45D0-8358-9D2836C19532}.Release|Any CPU.ActiveCfg = Release|Any CPU
		{E601B96E-6ECA-45D0-8358-9D2836C19532}.Release|Any CPU.Build.0 = Release|Any CPU
		{0D3EEC7F-B73F-4519-8929-3EF59F25A3C6}.Debug|Any CPU.ActiveCfg = Debug|Any CPU
		{0D3EEC7F-B73F-4519-8929-3EF59F25A3C6}.Debug|Any CPU.Build.0 = Debug|Any CPU
		{0D3EEC7F-B73F-4519-8929-3EF59F25A3C6}.Release|Any CPU.ActiveCfg = Release|Any CPU
		{0D3EEC7F-B73F-4519-8929-3EF59F25A3C6}.Release|Any CPU.Build.0 = Release|Any CPU
	EndGlobalSection
	GlobalSection(SolutionProperties) = preSolution
		HideSolutionNode = FALSE
	EndGlobalSection
	GlobalSection(ExtensibilityGlobals) = postSolution
		SolutionGuid = {4E9EBC98-8C27-4B7C-BE0E-1FBE11994657}
	EndGlobalSection
EndGlobal
