
Microsoft Visual Studio Solution File, Format Version 12.00
# Visual Studio 15
VisualStudioVersion = 15.0.28307.489
MinimumVisualStudioVersion = 10.0.40219.1
Project("{FAE04EC0-301F-11D3-BF4B-00C04F79EFBC}") = "Bai2", "Bai2\Bai2.csproj", "{2306B24E-EE0C-402C-96B3-F84C84B14FEA}"
EndProject
Global
	GlobalSection(SolutionConfigurationPlatforms) = preSolution
		Debug|Any CPU = Debug|Any CPU
		Release|Any CPU = Release|Any CPU
	EndGlobalSection
	GlobalSection(ProjectConfigurationPlatforms) = postSolution
		{2306B24E-EE0C-402C-96B3-F84C84B14FEA}.Debug|Any CPU.ActiveCfg = Debug|Any CPU
		{2306B24E-EE0C-402C-96B3-F84C84B14FEA}.Debug|Any CPU.Build.0 = Debug|Any CPU
		{2306B24E-EE0C-402C-96B3-F84C84B14FEA}.Release|Any CPU.ActiveCfg = Release|Any CPU
		{2306B24E-EE0C-402C-96B3-F84C84B14FEA}.Release|Any CPU.Build.0 = Release|Any CPU
	EndGlobalSection
	GlobalSection(SolutionProperties) = preSolution
		HideSolutionNode = FALSE
	EndGlobalSection
	GlobalSection(ExtensibilityGlobals) = postSolution
		SolutionGuid = {3B7AFF70-833D-4C32-BBF1-AC9F7239C3B5}
	EndGlobalSection
EndGlobal
