
Microsoft Visual Studio Solution File, Format Version 12.00
# Visual Studio Version 16
VisualStudioVersion = 16.0.29905.134
MinimumVisualStudioVersion = 10.0.40219.1
Project("{9A19103F-16F7-4668-BE54-9A1E7A4F7556}") = "SimpleUDPClient", "SimpleUDPClient\SimpleUDPClient.csproj", "{EB9426DD-48EC-4ADE-8E44-00016471E2A2}"
EndProject
Project("{9A19103F-16F7-4668-BE54-9A1E7A4F7556}") = "SimpleUDPServer", "SimpleUDPServer\SimpleUDPServer.csproj", "{DA6141DE-0D01-49EE-B369-4D4D88FF62D1}"
EndProject
Global
	GlobalSection(SolutionConfigurationPlatforms) = preSolution
		Debug|Any CPU = Debug|Any CPU
		Release|Any CPU = Release|Any CPU
	EndGlobalSection
	GlobalSection(ProjectConfigurationPlatforms) = postSolution
		{EB9426DD-48EC-4ADE-8E44-00016471E2A2}.Debug|Any CPU.ActiveCfg = Debug|Any CPU
		{EB9426DD-48EC-4ADE-8E44-00016471E2A2}.Debug|Any CPU.Build.0 = Debug|Any CPU
		{EB9426DD-48EC-4ADE-8E44-00016471E2A2}.Release|Any CPU.ActiveCfg = Release|Any CPU
		{EB9426DD-48EC-4ADE-8E44-00016471E2A2}.Release|Any CPU.Build.0 = Release|Any CPU
		{DA6141DE-0D01-49EE-B369-4D4D88FF62D1}.Debug|Any CPU.ActiveCfg = Debug|Any CPU
		{DA6141DE-0D01-49EE-B369-4D4D88FF62D1}.Debug|Any CPU.Build.0 = Debug|Any CPU
		{DA6141DE-0D01-49EE-B369-4D4D88FF62D1}.Release|Any CPU.ActiveCfg = Release|Any CPU
		{DA6141DE-0D01-49EE-B369-4D4D88FF62D1}.Release|Any CPU.Build.0 = Release|Any CPU
	EndGlobalSection
	GlobalSection(SolutionProperties) = preSolution
		HideSolutionNode = FALSE
	EndGlobalSection
	GlobalSection(ExtensibilityGlobals) = postSolution
		SolutionGuid = {F8EA5DBA-8C51-4F7E-9B1B-9968535B8BDD}
	EndGlobalSection
EndGlobal
