
Microsoft Visual Studio Solution File, Format Version 12.00
# Visual Studio Version 16
VisualStudioVersion = 16.0.29905.134
MinimumVisualStudioVersion = 10.0.40219.1
Project("{9A19103F-16F7-4668-BE54-9A1E7A4F7556}") = "SimpleUDPClient", "SimpleUDPClient\SimpleUDPClient.csproj", "{EB9426DD-48EC-4ADE-8E44-00016471E2A2}"
EndProject
Project("{9A19103F-16F7-4668-BE54-9A1E7A4F7556}") = "SimpleUDPServer", "SimpleUDPServer\SimpleUDPServer.csproj", "{DA6141DE-0D01-49EE-B369-4D4D88FF62D1}"
EndProject
Project("{FAE04EC0-301F-11D3-BF4B-00C04F79EFBC}") = "SimpleServer", "SimpleServer\SimpleServer.csproj", "{726BEDAF-AA59-4F92-8604-440E2EBE9F43}"
EndProject
Project("{FAE04EC0-301F-11D3-BF4B-00C04F79EFBC}") = "SimpleClient", "SimpleClient\SimpleClient.csproj", "{596BEB81-29D5-4BA5-858B-0A597FB87A2A}"
EndProject
Project("{FAE04EC0-301F-11D3-BF4B-00C04F79EFBC}") = "SimpleClient2", "SimpleClient2\SimpleClient2.csproj", "{4EC2AD0E-B691-4F82-830D-6054A6C6034A}"
EndProject
Project("{FAE04EC0-301F-11D3-BF4B-00C04F79EFBC}") = "SimpleServer2", "SimpleServer2\SimpleServer2.csproj", "{C1B75CAC-01FB-4783-B5F4-85DB265BD964}"
EndProject
Project("{FAE04EC0-301F-11D3-BF4B-00C04F79EFBC}") = "SimpleClient3", "SimpleClient3\SimpleClient3.csproj", "{CF885EE6-690A-4A14-A35C-00FE51579072}"
EndProject
Project("{FAE04EC0-301F-11D3-BF4B-00C04F79EFBC}") = "SimpleServer3", "SimpleServer3\SimpleServer3.csproj", "{DFB4F1D0-2333-4860-88C4-A595DFF1947D}"
EndProject
Project("{FAE04EC0-301F-11D3-BF4B-00C04F79EFBC}") = "SimpleClient4", "SimpleClient4\SimpleClient4.csproj", "{D1626503-3E5F-4405-AC33-9E869D5AD1B6}"
EndProject
Project("{FAE04EC0-301F-11D3-BF4B-00C04F79EFBC}") = "SimpleServer4", "SimpleServer4\SimpleServer4.csproj", "{1FAF2A27-258D-498C-A3B7-FF5ECACEA0DD}"
EndProject
Global
	GlobalSection(SolutionConfigurationPlatforms) = preSolution
		Debug|Any CPU = Debug|Any CPU
		Release|Any CPU = Release|Any CPU
	EndGlobalSection
	GlobalSection(ProjectConfigurationPlatforms) = postSolution
		{EB9426DD-48EC-4ADE-8E44-00016471E2A2}.Debug|Any CPU.ActiveCfg = Debug|Any CPU
		{EB9426DD-48EC-4ADE-8E44-00016471E2A2}.Debug|Any CPU.Build.0 = Debug|Any CPU
		{EB9426DD-48EC-4ADE-8E44-00016471E2A2}.Release|Any CPU.ActiveCfg = Release|Any CPU
		{EB9426DD-48EC-4ADE-8E44-00016471E2A2}.Release|Any CPU.Build.0 = Release|Any CPU
		{DA6141DE-0D01-49EE-B369-4D4D88FF62D1}.Debug|Any CPU.ActiveCfg = Debug|Any CPU
		{DA6141DE-0D01-49EE-B369-4D4D88FF62D1}.Debug|Any CPU.Build.0 = Debug|Any CPU
		{DA6141DE-0D01-49EE-B369-4D4D88FF62D1}.Release|Any CPU.ActiveCfg = Release|Any CPU
		{DA6141DE-0D01-49EE-B369-4D4D88FF62D1}.Release|Any CPU.Build.0 = Release|Any CPU
		{726BEDAF-AA59-4F92-8604-440E2EBE9F43}.Debug|Any CPU.ActiveCfg = Debug|Any CPU
		{726BEDAF-AA59-4F92-8604-440E2EBE9F43}.Debug|Any CPU.Build.0 = Debug|Any CPU
		{726BEDAF-AA59-4F92-8604-440E2EBE9F43}.Release|Any CPU.ActiveCfg = Release|Any CPU
		{726BEDAF-AA59-4F92-8604-440E2EBE9F43}.Release|Any CPU.Build.0 = Release|Any CPU
		{596BEB81-29D5-4BA5-858B-0A597FB87A2A}.Debug|Any CPU.ActiveCfg = Debug|Any CPU
		{596BEB81-29D5-4BA5-858B-0A597FB87A2A}.Debug|Any CPU.Build.0 = Debug|Any CPU
		{596BEB81-29D5-4BA5-858B-0A597FB87A2A}.Release|Any CPU.ActiveCfg = Release|Any CPU
		{596BEB81-29D5-4BA5-858B-0A597FB87A2A}.Release|Any CPU.Build.0 = Release|Any CPU
		{4EC2AD0E-B691-4F82-830D-6054A6C6034A}.Debug|Any CPU.ActiveCfg = Debug|Any CPU
		{4EC2AD0E-B691-4F82-830D-6054A6C6034A}.Debug|Any CPU.Build.0 = Debug|Any CPU
		{4EC2AD0E-B691-4F82-830D-6054A6C6034A}.Release|Any CPU.ActiveCfg = Release|Any CPU
		{4EC2AD0E-B691-4F82-830D-6054A6C6034A}.Release|Any CPU.Build.0 = Release|Any CPU
		{C1B75CAC-01FB-4783-B5F4-85DB265BD964}.Debug|Any CPU.ActiveCfg = Debug|Any CPU
		{C1B75CAC-01FB-4783-B5F4-85DB265BD964}.Debug|Any CPU.Build.0 = Debug|Any CPU
		{C1B75CAC-01FB-4783-B5F4-85DB265BD964}.Release|Any CPU.ActiveCfg = Release|Any CPU
		{C1B75CAC-01FB-4783-B5F4-85DB265BD964}.Release|Any CPU.Build.0 = Release|Any CPU
		{CF885EE6-690A-4A14-A35C-00FE51579072}.Debug|Any CPU.ActiveCfg = Debug|Any CPU
		{CF885EE6-690A-4A14-A35C-00FE51579072}.Debug|Any CPU.Build.0 = Debug|Any CPU
		{CF885EE6-690A-4A14-A35C-00FE51579072}.Release|Any CPU.ActiveCfg = Release|Any CPU
		{CF885EE6-690A-4A14-A35C-00FE51579072}.Release|Any CPU.Build.0 = Release|Any CPU
		{DFB4F1D0-2333-4860-88C4-A595DFF1947D}.Debug|Any CPU.ActiveCfg = Debug|Any CPU
		{DFB4F1D0-2333-4860-88C4-A595DFF1947D}.Debug|Any CPU.Build.0 = Debug|Any CPU
		{DFB4F1D0-2333-4860-88C4-A595DFF1947D}.Release|Any CPU.ActiveCfg = Release|Any CPU
		{DFB4F1D0-2333-4860-88C4-A595DFF1947D}.Release|Any CPU.Build.0 = Release|Any CPU
		{D1626503-3E5F-4405-AC33-9E869D5AD1B6}.Debug|Any CPU.ActiveCfg = Debug|Any CPU
		{D1626503-3E5F-4405-AC33-9E869D5AD1B6}.Debug|Any CPU.Build.0 = Debug|Any CPU
		{D1626503-3E5F-4405-AC33-9E869D5AD1B6}.Release|Any CPU.ActiveCfg = Release|Any CPU
		{D1626503-3E5F-4405-AC33-9E869D5AD1B6}.Release|Any CPU.Build.0 = Release|Any CPU
		{1FAF2A27-258D-498C-A3B7-FF5ECACEA0DD}.Debug|Any CPU.ActiveCfg = Debug|Any CPU
		{1FAF2A27-258D-498C-A3B7-FF5ECACEA0DD}.Debug|Any CPU.Build.0 = Debug|Any CPU
		{1FAF2A27-258D-498C-A3B7-FF5ECACEA0DD}.Release|Any CPU.ActiveCfg = Release|Any CPU
		{1FAF2A27-258D-498C-A3B7-FF5ECACEA0DD}.Release|Any CPU.Build.0 = Release|Any CPU
	EndGlobalSection
	GlobalSection(SolutionProperties) = preSolution
		HideSolutionNode = FALSE
	EndGlobalSection
	GlobalSection(ExtensibilityGlobals) = postSolution
		SolutionGuid = {F8EA5DBA-8C51-4F7E-9B1B-9968535B8BDD}
	EndGlobalSection
EndGlobal
